{
  "nodes": {
    "grub2-themes": {
      "inputs": {
        "nixpkgs": "nixpkgs"
      },
      "locked": {
        "lastModified": 1722620217,
        "narHash": "sha256-KfR4McvFQV1e7GWyY5ditFDSJezrN7og3k98Fo/pByU=",
        "owner": "vinceliuice",
        "repo": "grub2-themes",
        "rev": "a69383892e2cf863a800b997042c8b4607bcfc57",
        "type": "github"
      },
      "original": {
        "owner": "vinceliuice",
        "repo": "grub2-themes",
        "type": "github"
      }
    },
    "home-manager": {
      "inputs": {
        "nixpkgs": [
          "nixpkgs"
        ]
      },
      "locked": {
        "lastModified": 1720042825,
        "narHash": "sha256-A0vrUB6x82/jvf17qPCpxaM+ulJnD8YZwH9Ci0BsAzE=",
        "owner": "nix-community",
        "repo": "home-manager",
        "rev": "e1391fb22e18a36f57e6999c7a9f966dc80ac073",
        "type": "github"
      },
      "original": {
        "owner": "nix-community",
        "ref": "release-24.05",
        "repo": "home-manager",
        "type": "github"
      }
    },
    "mynixpkgs": {
      "locked": {
        "lastModified": 1720633196,
        "narHash": "sha256-nuzu5k9Ysqcr0ko7TNvt54jsFA0AWm6vcVloPPhFFpM=",
        "owner": "autra",
        "repo": "nixpkgs",
        "rev": "33d78454b53f9df6fe27cc81036ea764bc81a455",
        "type": "github"
      },
      "original": {
        "owner": "autra",
        "ref": "dev",
        "repo": "nixpkgs",
        "type": "github"
      }
    },
    "nixpkgs": {
      "locked": {
        "lastModified": 1722633916,
        "narHash": "sha256-kwHqK2nQwiW42BfQ619XKjtGyYKvrZO38MHyfk3NZQg=",
        "owner": "NixOS",
        "repo": "nixpkgs",
        "rev": "12d5a77609efda92f21dd9fbc6701ff6a3ad103a",
        "type": "github"
      },
      "original": {
        "owner": "NixOS",
        "ref": "master",
        "repo": "nixpkgs",
        "type": "github"
      }
    },
    "nixpkgs_2": {
      "locked": {
        "lastModified": 1722372011,
        "narHash": "sha256-B2xRiC3NEJy/82ugtareBkRqEkPGpMyjaLxaR8LBxNs=",
        "owner": "NixOS",
        "repo": "nixpkgs",
        "rev": "cf05eeada35e122770c5c14add958790fcfcbef5",
        "type": "github"
      },
      "original": {
        "id": "nixpkgs",
        "ref": "nixos-24.05",
        "type": "indirect"
      }
    },
    "root": {
      "inputs": {
        "grub2-themes": "grub2-themes",
        "home-manager": "home-manager",
        "mynixpkgs": "mynixpkgs",
        "nixpkgs": "nixpkgs_2"
      }
    }
  },
  "root": "root",
  "version": 7
}
