{
  "nodes": {
    "grub2-themes": {
      "inputs": {
        "nixpkgs": "nixpkgs"
      },
      "locked": {
        "lastModified": 1717262140,
        "narHash": "sha256-SdYUlJ/5ZrdtqmffUjrTo0+SgagezYysEy1ZS4o7Shg=",
        "owner": "vinceliuice",
        "repo": "grub2-themes",
        "rev": "0628270f03f36f00c12487e008644a6fce9b4ec9",
        "type": "github"
      },
      "original": {
        "owner": "vinceliuice",
        "repo": "grub2-themes",
        "type": "github"
      }
    },
    "home-manager": {
      "inputs": {
        "nixpkgs": [
          "nixpkgs"
        ]
      },
      "locked": {
        "lastModified": 1720042825,
        "narHash": "sha256-A0vrUB6x82/jvf17qPCpxaM+ulJnD8YZwH9Ci0BsAzE=",
        "owner": "nix-community",
        "repo": "home-manager",
        "rev": "e1391fb22e18a36f57e6999c7a9f966dc80ac073",
        "type": "github"
      },
      "original": {
        "owner": "nix-community",
        "ref": "release-24.05",
        "repo": "home-manager",
        "type": "github"
      }
    },
    "mynixpkgs": {
      "locked": {
        "lastModified": 1720633196,
        "narHash": "sha256-nuzu5k9Ysqcr0ko7TNvt54jsFA0AWm6vcVloPPhFFpM=",
        "owner": "autra",
        "repo": "nixpkgs",
        "rev": "33d78454b53f9df6fe27cc81036ea764bc81a455",
        "type": "github"
      },
      "original": {
        "owner": "autra",
        "ref": "dev",
        "repo": "nixpkgs",
        "type": "github"
      }
    },
    "nixpkgs": {
      "locked": {
        "lastModified": 1721814637,
        "narHash": "sha256-L3QkCvxeByJfW45wLkdZ9pL5h9PezOwwfx7G2sRfjiU=",
        "owner": "NixOS",
        "repo": "nixpkgs",
        "rev": "e0c444a0b8413a31df199052f5714d409dc4c1d0",
        "type": "github"
      },
      "original": {
        "owner": "NixOS",
        "ref": "master",
        "repo": "nixpkgs",
        "type": "github"
      }
    },
    "nixpkgs_2": {
      "locked": {
        "lastModified": 1721548954,
        "narHash": "sha256-7cCC8+Tdq1+3OPyc3+gVo9dzUNkNIQfwSDJ2HSi2u3o=",
        "owner": "NixOS",
        "repo": "nixpkgs",
        "rev": "63d37ccd2d178d54e7fb691d7ec76000740ea24a",
        "type": "github"
      },
      "original": {
        "id": "nixpkgs",
        "ref": "nixos-24.05",
        "type": "indirect"
      }
    },
    "root": {
      "inputs": {
        "grub2-themes": "grub2-themes",
        "home-manager": "home-manager",
        "mynixpkgs": "mynixpkgs",
        "nixpkgs": "nixpkgs_2"
      }
    }
  },
  "root": "root",
  "version": 7
}
