{
  "nodes": {
    "grub2-themes": {
      "inputs": {
        "nixpkgs": "nixpkgs"
      },
      "locked": {
        "lastModified": 1717262140,
        "narHash": "sha256-SdYUlJ/5ZrdtqmffUjrTo0+SgagezYysEy1ZS4o7Shg=",
        "owner": "vinceliuice",
        "repo": "grub2-themes",
        "rev": "0628270f03f36f00c12487e008644a6fce9b4ec9",
        "type": "github"
      },
      "original": {
        "owner": "vinceliuice",
        "repo": "grub2-themes",
        "type": "github"
      }
    },
    "home-manager": {
      "inputs": {
        "nixpkgs": [
          "nixpkgs"
        ]
      },
      "locked": {
        "lastModified": 1720042825,
        "narHash": "sha256-A0vrUB6x82/jvf17qPCpxaM+ulJnD8YZwH9Ci0BsAzE=",
        "owner": "nix-community",
        "repo": "home-manager",
        "rev": "e1391fb22e18a36f57e6999c7a9f966dc80ac073",
        "type": "github"
      },
      "original": {
        "owner": "nix-community",
        "ref": "release-24.05",
        "repo": "home-manager",
        "type": "github"
      }
    },
    "mynixpkgs": {
      "locked": {
        "lastModified": 1720633196,
        "narHash": "sha256-nuzu5k9Ysqcr0ko7TNvt54jsFA0AWm6vcVloPPhFFpM=",
        "owner": "autra",
        "repo": "nixpkgs",
        "rev": "33d78454b53f9df6fe27cc81036ea764bc81a455",
        "type": "github"
      },
      "original": {
        "owner": "autra",
        "ref": "dev",
        "repo": "nixpkgs",
        "type": "github"
      }
    },
    "nixpkgs": {
      "locked": {
        "lastModified": 1720644594,
        "narHash": "sha256-QEwmVKV6gx3pyBXzPtQMpoI6mB0bzK7OrcICACEEIFc=",
        "owner": "NixOS",
        "repo": "nixpkgs",
        "rev": "c06f41ce443a79dc6bcb996b4e71cd0a40a86b0b",
        "type": "github"
      },
      "original": {
        "owner": "NixOS",
        "ref": "master",
        "repo": "nixpkgs",
        "type": "github"
      }
    },
    "nixpkgs_2": {
      "locked": {
        "lastModified": 1720553833,
        "narHash": "sha256-IXMiHQMtdShDXcBW95ctA+m5Oq2kLxnBt7WlMxvDQXA=",
        "owner": "NixOS",
        "repo": "nixpkgs",
        "rev": "249fbde2a178a2ea2638b65b9ecebd531b338cf9",
        "type": "github"
      },
      "original": {
        "id": "nixpkgs",
        "ref": "nixos-24.05",
        "type": "indirect"
      }
    },
    "root": {
      "inputs": {
        "grub2-themes": "grub2-themes",
        "home-manager": "home-manager",
        "mynixpkgs": "mynixpkgs",
        "nixpkgs": "nixpkgs_2"
      }
    }
  },
  "root": "root",
  "version": 7
}
