{
  "nodes": {
    "home-manager": {
      "inputs": {
        "nixpkgs": [
          "nix-on-droid",
          "nixpkgs"
        ]
      },
      "locked": {
        "lastModified": 1779506708,
        "narHash": "sha256-QOD/CNm196nCJRheux/URi4/HE66fthdOMqCJoPP1Y0=",
        "owner": "nix-community",
        "repo": "home-manager",
        "rev": "3ee51fbdac8c8bdfe1e7e1fcaba6520a563f394f",
        "type": "github"
      },
      "original": {
        "owner": "nix-community",
        "ref": "release-25.11",
        "repo": "home-manager",
        "type": "github"
      }
    },
    "nix-formatter-pack": {
      "inputs": {
        "nixpkgs": [
          "nix-on-droid",
          "nixpkgs"
        ],
        "nmd": [
          "nix-on-droid",
          "nmd"
        ],
        "nmt": "nmt"
      },
      "locked": {
        "lastModified": 1778074909,
        "narHash": "sha256-kO3+QMRbNrhVPQ6yd1DoovTi9Vp0xQLQ7FnAvHGLTaU=",
        "owner": "Gerschtli",
        "repo": "nix-formatter-pack",
        "rev": "14a8e67a835271a8294ad84d49243a5b12a73cf9",
        "type": "github"
      },
      "original": {
        "owner": "Gerschtli",
        "repo": "nix-formatter-pack",
        "type": "github"
      }
    },
    "nix-on-droid": {
      "inputs": {
        "home-manager": "home-manager",
        "nix-formatter-pack": "nix-formatter-pack",
        "nixpkgs": [
          "nixpkgs"
        ],
        "nixpkgs-docs": "nixpkgs-docs",
        "nixpkgs-for-bootstrap": "nixpkgs-for-bootstrap",
        "nmd": "nmd"
      },
      "locked": {
        "lastModified": 1780923670,
        "narHash": "sha256-moGUvrbLDRMTvX4z8D6Ua8D3UAm2/uUZua02hx9xEVs=",
        "owner": "autra",
        "repo": "nix-on-droid",
        "rev": "ff8995d5a54755e2c272daf2cfe5f6a6ec5a2884",
        "type": "github"
      },
      "original": {
        "owner": "autra",
        "ref": "prerelease-25.11",
        "repo": "nix-on-droid",
        "type": "github"
      }
    },
    "nixpkgs": {
      "locked": {
        "lastModified": 1780511130,
        "narHash": "sha256-2v9lT4ya59Lh1FqPeLnz1MoX9y/wz2huqfe9RtQZITk=",
        "owner": "NixOS",
        "repo": "nixpkgs",
        "rev": "535f3e6942cb1cead3929c604320d3db54b542b9",
        "type": "github"
      },
      "original": {
        "owner": "NixOS",
        "ref": "nixos-25.11",
        "repo": "nixpkgs",
        "type": "github"
      }
    },
    "nixpkgs-docs": {
      "locked": {
        "lastModified": 1780875359,
        "narHash": "sha256-H9DfJNbILxfSlqThz6z/7zyGb85SqMvvRg2snMjWiAk=",
        "owner": "NixOS",
        "repo": "nixpkgs",
        "rev": "d7fed073bedb1782de1f26683422ccd5b0207cd9",
        "type": "github"
      },
      "original": {
        "owner": "NixOS",
        "ref": "release-25.11",
        "repo": "nixpkgs",
        "type": "github"
      }
    },
    "nixpkgs-for-bootstrap": {
      "locked": {
        "lastModified": 1780842555,
        "narHash": "sha256-Cp6HYsFZnMddB93ZlyqAQbLhkasoid34oXPx3v9OjFs=",
        "owner": "NixOS",
        "repo": "nixpkgs",
        "rev": "8be2e938122ec770c3fb33c8b2a02f2205de1ec9",
        "type": "github"
      },
      "original": {
        "owner": "NixOS",
        "repo": "nixpkgs",
        "rev": "8be2e938122ec770c3fb33c8b2a02f2205de1ec9",
        "type": "github"
      }
    },
    "nmd": {
      "inputs": {
        "nixpkgs": [
          "nix-on-droid",
          "nixpkgs-docs"
        ],
        "scss-reset": "scss-reset"
      },
      "locked": {
        "lastModified": 1757277932,
        "narHash": "sha256-eW2AzE4HeJXHKxSGDcp35/VQyxeESBt4p9i8QIFrSE8=",
        "owner": "~rycee",
        "repo": "nmd",
        "rev": "055e814ac35379dece164a8413d336b57c5d2e0c",
        "type": "sourcehut"
      },
      "original": {
        "owner": "~rycee",
        "repo": "nmd",
        "type": "sourcehut"
      }
    },
    "nmt": {
      "flake": false,
      "locked": {
        "lastModified": 1648075362,
        "narHash": "sha256-u36WgzoA84dMVsGXzml4wZ5ckGgfnvS0ryzo/3zn/Pc=",
        "owner": "rycee",
        "repo": "nmt",
        "rev": "d83601002c99b78c89ea80e5e6ba21addcfe12ae",
        "type": "gitlab"
      },
      "original": {
        "owner": "rycee",
        "repo": "nmt",
        "type": "gitlab"
      }
    },
    "root": {
      "inputs": {
        "nix-on-droid": "nix-on-droid",
        "nixpkgs": "nixpkgs"
      }
    },
    "scss-reset": {
      "flake": false,
      "locked": {
        "lastModified": 1631450058,
        "narHash": "sha256-muDlZJPtXDIGevSEWkicPP0HQ6VtucbkMNygpGlBEUM=",
        "owner": "andreymatin",
        "repo": "scss-reset",
        "rev": "0cf50e27a4e95e9bb5b1715eedf9c54dee1a5a91",
        "type": "github"
      },
      "original": {
        "owner": "andreymatin",
        "repo": "scss-reset",
        "type": "github"
      }
    }
  },
  "root": "root",
  "version": 7
}
